
Microsoft Visual Studio Solution File, Format Version 12.00
# Visual Studio Version 17
VisualStudioVersion = 17.2.32630.192
MinimumVisualStudioVersion = 10.0.40219.1
Project("{FAE04EC0-301F-11D3-BF4B-00C04F79EFBC}") = "EM Framework", "EM Framework\EM Framework.csproj", "{70B55BCA-49F2-48A5-8347-D40772D89698}"
EndProject
Global
	GlobalSection(SolutionConfigurationPlatforms) = preSolution
		Debug|Any CPU = Debug|Any CPU
		Release|Any CPU = Release|Any CPU
	EndGlobalSection
	GlobalSection(ProjectConfigurationPlatforms) = postSolution
		{70B55BCA-49F2-48A5-8347-D40772D89698}.Debug|Any CPU.ActiveCfg = Debug|Any CPU
		{70B55BCA-49F2-48A5-8347-D40772D89698}.Debug|Any CPU.Build.0 = Debug|Any CPU
		{70B55BCA-49F2-48A5-8347-D40772D89698}.Release|Any CPU.ActiveCfg = Release|Any CPU
		{70B55BCA-49F2-48A5-8347-D40772D89698}.Release|Any CPU.Build.0 = Release|Any CPU
	EndGlobalSection
	GlobalSection(SolutionProperties) = preSolution
		HideSolutionNode = FALSE
	EndGlobalSection
	GlobalSection(ExtensibilityGlobals) = postSolution
		SolutionGuid = {B593B605-E3AE-4EEA-AE2A-B55D6A650484}
	EndGlobalSection
EndGlobal
